
Microsoft Visual Studio Solution File, Format Version 12.00
# Visual Studio 15
VisualStudioVersion = 15.0.26124.0
MinimumVisualStudioVersion = 15.0.26124.0
Project("{FAE04EC0-301F-11D3-BF4B-00C04F79EFBC}") = "orica.test", "orica.test\orica.test.csproj", "{A0A4FB21-1AAE-4223-A6AD-F9196BFCAEDE}"
EndProject
Project("{9A19103F-16F7-4668-BE54-9A1E7A4F7556}") = "orica", "orica\orica.csproj", "{FC16B243-A369-43F5-BBD0-7F77AC960B6A}"
EndProject
Global
	GlobalSection(SolutionConfigurationPlatforms) = preSolution
		Debug|Any CPU = Debug|Any CPU
		Debug|x64 = Debug|x64
		Debug|x86 = Debug|x86
		Release|Any CPU = Release|Any CPU
		Release|x64 = Release|x64
		Release|x86 = Release|x86
	EndGlobalSection
	GlobalSection(ProjectConfigurationPlatforms) = postSolution
		{A0A4FB21-1AAE-4223-A6AD-F9196BFCAEDE}.Debug|Any CPU.ActiveCfg = Debug|Any CPU
		{A0A4FB21-1AAE-4223-A6AD-F9196BFCAEDE}.Debug|Any CPU.Build.0 = Debug|Any CPU
		{A0A4FB21-1AAE-4223-A6AD-F9196BFCAEDE}.Debug|x64.ActiveCfg = Debug|Any CPU
		{A0A4FB21-1AAE-4223-A6AD-F9196BFCAEDE}.Debug|x64.Build.0 = Debug|Any CPU
		{A0A4FB21-1AAE-4223-A6AD-F9196BFCAEDE}.Debug|x86.ActiveCfg = Debug|Any CPU
		{A0A4FB21-1AAE-4223-A6AD-F9196BFCAEDE}.Debug|x86.Build.0 = Debug|Any CPU
		{A0A4FB21-1AAE-4223-A6AD-F9196BFCAEDE}.Release|Any CPU.ActiveCfg = Release|Any CPU
		{A0A4FB21-1AAE-4223-A6AD-F9196BFCAEDE}.Release|Any CPU.Build.0 = Release|Any CPU
		{A0A4FB21-1AAE-4223-A6AD-F9196BFCAEDE}.Release|x64.ActiveCfg = Release|Any CPU
		{A0A4FB21-1AAE-4223-A6AD-F9196BFCAEDE}.Release|x64.Build.0 = Release|Any CPU
		{A0A4FB21-1AAE-4223-A6AD-F9196BFCAEDE}.Release|x86.ActiveCfg = Release|Any CPU
		{A0A4FB21-1AAE-4223-A6AD-F9196BFCAEDE}.Release|x86.Build.0 = Release|Any CPU
		{FC16B243-A369-43F5-BBD0-7F77AC960B6A}.Debug|Any CPU.ActiveCfg = Debug|Any CPU
		{FC16B243-A369-43F5-BBD0-7F77AC960B6A}.Debug|Any CPU.Build.0 = Debug|Any CPU
		{FC16B243-A369-43F5-BBD0-7F77AC960B6A}.Debug|x64.ActiveCfg = Debug|Any CPU
		{FC16B243-A369-43F5-BBD0-7F77AC960B6A}.Debug|x64.Build.0 = Debug|Any CPU
		{FC16B243-A369-43F5-BBD0-7F77AC960B6A}.Debug|x86.ActiveCfg = Debug|Any CPU
		{FC16B243-A369-43F5-BBD0-7F77AC960B6A}.Debug|x86.Build.0 = Debug|Any CPU
		{FC16B243-A369-43F5-BBD0-7F77AC960B6A}.Release|Any CPU.ActiveCfg = Release|Any CPU
		{FC16B243-A369-43F5-BBD0-7F77AC960B6A}.Release|Any CPU.Build.0 = Release|Any CPU
		{FC16B243-A369-43F5-BBD0-7F77AC960B6A}.Release|x64.ActiveCfg = Release|Any CPU
		{FC16B243-A369-43F5-BBD0-7F77AC960B6A}.Release|x64.Build.0 = Release|Any CPU
		{FC16B243-A369-43F5-BBD0-7F77AC960B6A}.Release|x86.ActiveCfg = Release|Any CPU
		{FC16B243-A369-43F5-BBD0-7F77AC960B6A}.Release|x86.Build.0 = Release|Any CPU
	EndGlobalSection
	GlobalSection(SolutionProperties) = preSolution
		HideSolutionNode = FALSE
	EndGlobalSection
	GlobalSection(ExtensibilityGlobals) = postSolution
		SolutionGuid = {33793D95-0AA0-4E71-9008-AB7B713902D6}
	EndGlobalSection
EndGlobal
